
Microsoft Visual Studio Solution File, Format Version 12.00
# Visual Studio Version 17
VisualStudioVersion = 17.3.32811.315
MinimumVisualStudioVersion = 10.0.40219.1
Project("{2150E333-8FDC-42A3-9474-1A3956D46DE8}") = "Atm", "Atm", "{94D6262E-0093-4721-90B9-EE7C466FBA3F}"
EndProject
Project("{9A19103F-16F7-4668-BE54-9A1E7A4F7556}") = "TalentAtmDAL", "TalentAtmDAL\TalentAtmDAL.csproj", "{B48CE6C2-3D92-414E-83C8-D9FBC49E2CB9}"
EndProject
Project("{9A19103F-16F7-4668-BE54-9A1E7A4F7556}") = "TalentAtmClient", "TalentAtmClient\TalentAtmClient.csproj", "{57CA0925-3DB1-403E-AB44-1CD0B5C5E0E1}"
EndProject
Project("{2150E333-8FDC-42A3-9474-1A3956D46DE8}") = "Atm.UI", "Atm.UI", "{320EF16F-A7B3-47EF-9E61-E99987220A5A}"
EndProject
Global
	GlobalSection(SolutionConfigurationPlatforms) = preSolution
		Debug|Any CPU = Debug|Any CPU
		Release|Any CPU = Release|Any CPU
	EndGlobalSection
	GlobalSection(ProjectConfigurationPlatforms) = postSolution
		{B48CE6C2-3D92-414E-83C8-D9FBC49E2CB9}.Debug|Any CPU.ActiveCfg = Debug|Any CPU
		{B48CE6C2-3D92-414E-83C8-D9FBC49E2CB9}.Debug|Any CPU.Build.0 = Debug|Any CPU
		{B48CE6C2-3D92-414E-83C8-D9FBC49E2CB9}.Release|Any CPU.ActiveCfg = Release|Any CPU
		{B48CE6C2-3D92-414E-83C8-D9FBC49E2CB9}.Release|Any CPU.Build.0 = Release|Any CPU
		{57CA0925-3DB1-403E-AB44-1CD0B5C5E0E1}.Debug|Any CPU.ActiveCfg = Debug|Any CPU
		{57CA0925-3DB1-403E-AB44-1CD0B5C5E0E1}.Debug|Any CPU.Build.0 = Debug|Any CPU
		{57CA0925-3DB1-403E-AB44-1CD0B5C5E0E1}.Release|Any CPU.ActiveCfg = Release|Any CPU
		{57CA0925-3DB1-403E-AB44-1CD0B5C5E0E1}.Release|Any CPU.Build.0 = Release|Any CPU
	EndGlobalSection
	GlobalSection(SolutionProperties) = preSolution
		HideSolutionNode = FALSE
	EndGlobalSection
	GlobalSection(NestedProjects) = preSolution
		{B48CE6C2-3D92-414E-83C8-D9FBC49E2CB9} = {94D6262E-0093-4721-90B9-EE7C466FBA3F}
		{57CA0925-3DB1-403E-AB44-1CD0B5C5E0E1} = {94D6262E-0093-4721-90B9-EE7C466FBA3F}
		{320EF16F-A7B3-47EF-9E61-E99987220A5A} = {94D6262E-0093-4721-90B9-EE7C466FBA3F}
	EndGlobalSection
	GlobalSection(ExtensibilityGlobals) = postSolution
		SolutionGuid = {5C5B5176-5E07-4046-A234-BBF219E1D8CC}
	EndGlobalSection
EndGlobal
